
Microsoft Visual Studio Solution File, Format Version 12.00
# Visual Studio Version 17
VisualStudioVersion = 17.8.34511.84
MinimumVisualStudioVersion = 10.0.40219.1
Project("{9A19103F-16F7-4668-BE54-9A1E7A4F7556}") = "StarWarsProxyApi", "StarWarsProxyApi\StarWarsProxyApi.csproj", "{C380A1EF-F5C5-4693-8DB8-82CE2AD88215}"
EndProject
Project("{FAE04EC0-301F-11D3-BF4B-00C04F79EFBC}") = "StarWars.Services", "StarWarsServices\StarWars.Services.csproj", "{FAAC590C-291B-4C9E-8975-C89086FD721C}"
EndProject
Project("{FAE04EC0-301F-11D3-BF4B-00C04F79EFBC}") = "StarWars.Models", "StarWarsModels\StarWars.Models.csproj", "{3B3CAB8E-2F94-4EF9-AF42-7679F22CAF30}"
EndProject
Global
	GlobalSection(SolutionConfigurationPlatforms) = preSolution
		Debug|Any CPU = Debug|Any CPU
		Release|Any CPU = Release|Any CPU
	EndGlobalSection
	GlobalSection(ProjectConfigurationPlatforms) = postSolution
		{C380A1EF-F5C5-4693-8DB8-82CE2AD88215}.Debug|Any CPU.ActiveCfg = Debug|Any CPU
		{C380A1EF-F5C5-4693-8DB8-82CE2AD88215}.Debug|Any CPU.Build.0 = Debug|Any CPU
		{C380A1EF-F5C5-4693-8DB8-82CE2AD88215}.Release|Any CPU.ActiveCfg = Release|Any CPU
		{C380A1EF-F5C5-4693-8DB8-82CE2AD88215}.Release|Any CPU.Build.0 = Release|Any CPU
		{FAAC590C-291B-4C9E-8975-C89086FD721C}.Debug|Any CPU.ActiveCfg = Debug|Any CPU
		{FAAC590C-291B-4C9E-8975-C89086FD721C}.Debug|Any CPU.Build.0 = Debug|Any CPU
		{FAAC590C-291B-4C9E-8975-C89086FD721C}.Release|Any CPU.ActiveCfg = Release|Any CPU
		{FAAC590C-291B-4C9E-8975-C89086FD721C}.Release|Any CPU.Build.0 = Release|Any CPU
		{3B3CAB8E-2F94-4EF9-AF42-7679F22CAF30}.Debug|Any CPU.ActiveCfg = Debug|Any CPU
		{3B3CAB8E-2F94-4EF9-AF42-7679F22CAF30}.Debug|Any CPU.Build.0 = Debug|Any CPU
		{3B3CAB8E-2F94-4EF9-AF42-7679F22CAF30}.Release|Any CPU.ActiveCfg = Release|Any CPU
		{3B3CAB8E-2F94-4EF9-AF42-7679F22CAF30}.Release|Any CPU.Build.0 = Release|Any CPU
	EndGlobalSection
	GlobalSection(SolutionProperties) = preSolution
		HideSolutionNode = FALSE
	EndGlobalSection
	GlobalSection(ExtensibilityGlobals) = postSolution
		SolutionGuid = {EDF2835C-4DA1-49FA-B248-01BE29A3106D}
	EndGlobalSection
EndGlobal
